
Microsoft Visual Studio Solution File, Format Version 12.00
# Visual Studio 15
VisualStudioVersion = 15.0.28307.645
MinimumVisualStudioVersion = 10.0.40219.1
Project("{FAE04EC0-301F-11D3-BF4B-00C04F79EFBC}") = "lessons", "lessons\lessons.csproj", "{8B165118-E60F-4E64-8C19-803467E348DD}"
EndProject
Project("{FAE04EC0-301F-11D3-BF4B-00C04F79EFBC}") = "lessons.Payment", "lessons.Payment\lessons.Payment.csproj", "{9C21A0A1-8570-4AE6-B43D-58B74C9F5CC9}"
EndProject
Global
	GlobalSection(SolutionConfigurationPlatforms) = preSolution
		Debug|Any CPU = Debug|Any CPU
		Release|Any CPU = Release|Any CPU
	EndGlobalSection
	GlobalSection(ProjectConfigurationPlatforms) = postSolution
		{8B165118-E60F-4E64-8C19-803467E348DD}.Debug|Any CPU.ActiveCfg = Debug|Any CPU
		{8B165118-E60F-4E64-8C19-803467E348DD}.Debug|Any CPU.Build.0 = Debug|Any CPU
		{8B165118-E60F-4E64-8C19-803467E348DD}.Release|Any CPU.ActiveCfg = Release|Any CPU
		{8B165118-E60F-4E64-8C19-803467E348DD}.Release|Any CPU.Build.0 = Release|Any CPU
		{9C21A0A1-8570-4AE6-B43D-58B74C9F5CC9}.Debug|Any CPU.ActiveCfg = Debug|Any CPU
		{9C21A0A1-8570-4AE6-B43D-58B74C9F5CC9}.Debug|Any CPU.Build.0 = Debug|Any CPU
		{9C21A0A1-8570-4AE6-B43D-58B74C9F5CC9}.Release|Any CPU.ActiveCfg = Release|Any CPU
		{9C21A0A1-8570-4AE6-B43D-58B74C9F5CC9}.Release|Any CPU.Build.0 = Release|Any CPU
	EndGlobalSection
	GlobalSection(SolutionProperties) = preSolution
		HideSolutionNode = FALSE
	EndGlobalSection
	GlobalSection(ExtensibilityGlobals) = postSolution
		SolutionGuid = {A71229BB-A824-455D-BC1C-BA562CF674EE}
	EndGlobalSection
EndGlobal
